// !$*UTF8*$!
{
	archiveVersion = 1;
	classes = {
	};
	objectVersion = 56;
	objects = {

/* Begin PBXBuildFile section */
		A89DE0F1292525B2005FAEB7 /* AppDelegate.swift in Sources */ = {isa = PBXBuildFile; fileRef = A89DE0F0292525B2005FAEB7 /* AppDelegate.swift */; };
		A89DE0F3292525B2005FAEB7 /* ViewController.swift in Sources */ = {isa = PBXBuildFile; fileRef = A89DE0F2292525B2005FAEB7 /* ViewController.swift */; };
		A89DE0F5292525B4005FAEB7 /* Assets.xcassets in Resources */ = {isa = PBXBuildFile; fileRef = A89DE0F4292525B4005FAEB7 /* Assets.xcassets */; };
		A89DE0F8292525B4005FAEB7 /* Main.storyboard in Resources */ = {isa = PBXBuildFile; fileRef = A89DE0F6292525B4005FAEB7 /* Main.storyboard */; };
		A89DE103292525B4005FAEB7 /* macos_app_swiftTests.swift in Sources */ = {isa = PBXBuildFile; fileRef = A89DE102292525B4005FAEB7 /* macos_app_swiftTests.swift */; };
		A89DE10D292525B4005FAEB7 /* macos_app_swiftUITests.swift in Sources */ = {isa = PBXBuildFile; fileRef = A89DE10C292525B4005FAEB7 /* macos_app_swiftUITests.swift */; };
		A89DE10F292525B4005FAEB7 /* macos_app_swiftUITestsLaunchTests.swift in Sources */ = {isa = PBXBuildFile; fileRef = A89DE10E292525B4005FAEB7 /* macos_app_swiftUITestsLaunchTests.swift */; };
/* End PBXBuildFile section */

/* Begin PBXContainerItemProxy section */
		A89DE0FF292525B4005FAEB7 /* PBXContainerItemProxy */ = {
			isa = PBXContainerItemProxy;
			containerPortal = A89DE0E5292525B2005FAEB7 /* Project object */;
			proxyType = 1;
			remoteGlobalIDString = A89DE0EC292525B2005FAEB7;
			remoteInfo = "macos-app-swift";
		};
		A89DE109292525B4005FAEB7 /* PBXContainerItemProxy */ = {
			isa = PBXContainerItemProxy;
			containerPortal = A89DE0E5292525B2005FAEB7 /* Project object */;
			proxyType = 1;
			remoteGlobalIDString = A89DE0EC292525B2005FAEB7;
			remoteInfo = "macos-app-swift";
		};
/* End PBXContainerItemProxy section */

/* Begin PBXFileReference section */
		A89DE0ED292525B2005FAEB7 /* macos-app-swift.app */ = {isa = PBXFileReference; explicitFileType = wrapper.application; includeInIndex = 0; path = "macos-app-swift.app"; sourceTree = BUILT_PRODUCTS_DIR; };
		A89DE0F0292525B2005FAEB7 /* AppDelegate.swift */ = {isa = PBXFileReference; lastKnownFileType = sourcecode.swift; path = AppDelegate.swift; sourceTree = "<group>"; };
		A89DE0F2292525B2005FAEB7 /* ViewController.swift */ = {isa = PBXFileReference; lastKnownFileType = sourcecode.swift; path = ViewController.swift; sourceTree = "<group>"; };
		A89DE0F4292525B4005FAEB7 /* Assets.xcassets */ = {isa = PBXFileReference; lastKnownFileType = folder.assetcatalog; path = Assets.xcassets; sourceTree = "<group>"; };
		A89DE0F7292525B4005FAEB7 /* Base */ = {isa = PBXFileReference; lastKnownFileType = file.storyboard; name = Base; path = Base.lproj/Main.storyboard; sourceTree = "<group>"; };
		A89DE0F9292525B4005FAEB7 /* macos_app_swift.entitlements */ = {isa = PBXFileReference; lastKnownFileType = text.plist.entitlements; path = macos_app_swift.entitlements; sourceTree = "<group>"; };
		A89DE0FE292525B4005FAEB7 /* macos-app-swiftTests.xctest */ = {isa = PBXFileReference; explicitFileType = wrapper.cfbundle; includeInIndex = 0; path = "macos-app-swiftTests.xctest"; sourceTree = BUILT_PRODUCTS_DIR; };
		A89DE102292525B4005FAEB7 /* macos_app_swiftTests.swift */ = {isa = PBXFileReference; lastKnownFileType = sourcecode.swift; path = macos_app_swiftTests.swift; sourceTree = "<group>"; };
		A89DE108292525B4005FAEB7 /* macos-app-swiftUITests.xctest */ = {isa = PBXFileReference; explicitFileType = wrapper.cfbundle; includeInIndex = 0; path = "macos-app-swiftUITests.xctest"; sourceTree = BUILT_PRODUCTS_DIR; };
		A89DE10C292525B4005FAEB7 /* macos_app_swiftUITests.swift */ = {isa = PBXFileReference; lastKnownFileType = sourcecode.swift; path = macos_app_swiftUITests.swift; sourceTree = "<group>"; };
		A89DE10E292525B4005FAEB7 /* macos_app_swiftUITestsLaunchTests.swift */ = {isa = PBXFileReference; lastKnownFileType = sourcecode.swift; path = macos_app_swiftUITestsLaunchTests.swift; sourceTree = "<group>"; };
/* End PBXFileReference section */

/* Begin PBXFrameworksBuildPhase section */
		A89DE0EA292525B2005FAEB7 /* Frameworks */ = {
			isa = PBXFrameworksBuildPhase;
			buildActionMask = 2147483647;
			files = (
			);
			runOnlyForDeploymentPostprocessing = 0;
		};
		A89DE0FB292525B4005FAEB7 /* Frameworks */ = {
			isa = PBXFrameworksBuildPhase;
			buildActionMask = 2147483647;
			files = (
			);
			runOnlyForDeploymentPostprocessing = 0;
		};
		A89DE105292525B4005FAEB7 /* Frameworks */ = {
			isa = PBXFrameworksBuildPhase;
			buildActionMask = 2147483647;
			files = (
			);
			runOnlyForDeploymentPostprocessing = 0;
		};
/* End PBXFrameworksBuildPhase section */

/* Begin PBXGroup section */
		A89DE0E4292525B2005FAEB7 = {
			isa = PBXGroup;
			children = (
				A89DE0EF292525B2005FAEB7 /* macos-app-swift */,
				A89DE101292525B4005FAEB7 /* macos-app-swiftTests */,
				A89DE10B292525B4005FAEB7 /* macos-app-swiftUITests */,
				A89DE0EE292525B2005FAEB7 /* Products */,
			);
			sourceTree = "<group>";
		};
		A89DE0EE292525B2005FAEB7 /* Products */ = {
			isa = PBXGroup;
			children = (
				A89DE0ED292525B2005FAEB7 /* macos-app-swift.app */,
				A89DE0FE292525B4005FAEB7 /* macos-app-swiftTests.xctest */,
				A89DE108292525B4005FAEB7 /* macos-app-swiftUITests.xctest */,
			);
			name = Products;
			sourceTree = "<group>";
		};
		A89DE0EF292525B2005FAEB7 /* macos-app-swift */ = {
			isa = PBXGroup;
			children = (
				A89DE0F0292525B2005FAEB7 /* AppDelegate.swift */,
				A89DE0F2292525B2005FAEB7 /* ViewController.swift */,
				A89DE0F4292525B4005FAEB7 /* Assets.xcassets */,
				A89DE0F6292525B4005FAEB7 /* Main.storyboard */,
				A89DE0F9292525B4005FAEB7 /* macos_app_swift.entitlements */,
			);
			path = "macos-app-swift";
			sourceTree = "<group>";
		};
		A89DE101292525B4005FAEB7 /* macos-app-swiftTests */ = {
			isa = PBXGroup;
			children = (
				A89DE102292525B4005FAEB7 /* macos_app_swiftTests.swift */,
			);
			path = "macos-app-swiftTests";
			sourceTree = "<group>";
		};
		A89DE10B292525B4005FAEB7 /* macos-app-swiftUITests */ = {
			isa = PBXGroup;
			children = (
				A89DE10C292525B4005FAEB7 /* macos_app_swiftUITests.swift */,
				A89DE10E292525B4005FAEB7 /* macos_app_swiftUITestsLaunchTests.swift */,
			);
			path = "macos-app-swiftUITests";
			sourceTree = "<group>";
		};
/* End PBXGroup section */

/* Begin PBXNativeTarget section */
		A89DE0EC292525B2005FAEB7 /* macos-app-swift */ = {
			isa = PBXNativeTarget;
			buildConfigurationList = A89DE112292525B4005FAEB7 /* Build configuration list for PBXNativeTarget "macos-app-swift" */;
			buildPhases = (
				A89DE0E9292525B2005FAEB7 /* Sources */,
				A89DE0EA292525B2005FAEB7 /* Frameworks */,
				A89DE0EB292525B2005FAEB7 /* Resources */,
			);
			buildRules = (
			);
			dependencies = (
			);
			name = "macos-app-swift";
			productName = "macos-app-swift";
			productReference = A89DE0ED292525B2005FAEB7 /* macos-app-swift.app */;
			productType = "com.apple.product-type.application";
		};
		A89DE0FD292525B4005FAEB7 /* macos-app-swiftTests */ = {
			isa = PBXNativeTarget;
			buildConfigurationList = A89DE115292525B4005FAEB7 /* Build configuration list for PBXNativeTarget "macos-app-swiftTests" */;
			buildPhases = (
				A89DE0FA292525B4005FAEB7 /* Sources */,
				A89DE0FB292525B4005FAEB7 /* Frameworks */,
				A89DE0FC292525B4005FAEB7 /* Resources */,
			);
			buildRules = (
			);
			dependencies = (
				A89DE100292525B4005FAEB7 /* PBXTargetDependency */,
			);
			name = "macos-app-swiftTests";
			productName = "macos-app-swiftTests";
			productReference = A89DE0FE292525B4005FAEB7 /* macos-app-swiftTests.xctest */;
			productType = "com.apple.product-type.bundle.unit-test";
		};
		A89DE107292525B4005FAEB7 /* macos-app-swiftUITests */ = {
			isa = PBXNativeTarget;
			buildConfigurationList = A89DE118292525B4005FAEB7 /* Build configuration list for PBXNativeTarget "macos-app-swiftUITests" */;
			buildPhases = (
				A89DE104292525B4005FAEB7 /* Sources */,
				A89DE105292525B4005FAEB7 /* Frameworks */,
				A89DE106292525B4005FAEB7 /* Resources */,
			);
			buildRules = (
			);
			dependencies = (
				A89DE10A292525B4005FAEB7 /* PBXTargetDependency */,
			);
			name = "macos-app-swiftUITests";
			productName = "macos-app-swiftUITests";
			productReference = A89DE108292525B4005FAEB7 /* macos-app-swiftUITests.xctest */;
			productType = "com.apple.product-type.bundle.ui-testing";
		};
/* End PBXNativeTarget section */

/* Begin PBXProject section */
		A89DE0E5292525B2005FAEB7 /* Project object */ = {
			isa = PBXProject;
			attributes = {
				BuildIndependentTargetsInParallel = 1;
				LastSwiftUpdateCheck = 1410;
				LastUpgradeCheck = 1410;
				TargetAttributes = {
					A89DE0EC292525B2005FAEB7 = {
						CreatedOnToolsVersion = 14.1;
					};
					A89DE0FD292525B4005FAEB7 = {
						CreatedOnToolsVersion = 14.1;
						TestTargetID = A89DE0EC292525B2005FAEB7;
					};
					A89DE107292525B4005FAEB7 = {
						CreatedOnToolsVersion = 14.1;
						TestTargetID = A89DE0EC292525B2005FAEB7;
					};
				};
			};
			buildConfigurationList = A89DE0E8292525B2005FAEB7 /* Build configuration list for PBXProject "macos-app-swift" */;
			compatibilityVersion = "Xcode 14.0";
			developmentRegion = en;
			hasScannedForEncodings = 0;
			knownRegions = (
				en,
				Base,
			);
			mainGroup = A89DE0E4292525B2005FAEB7;
			productRefGroup = A89DE0EE292525B2005FAEB7 /* Products */;
			projectDirPath = "";
			projectRoot = "";
			targets = (
				A89DE0EC292525B2005FAEB7 /* macos-app-swift */,
				A89DE0FD292525B4005FAEB7 /* macos-app-swiftTests */,
				A89DE107292525B4005FAEB7 /* macos-app-swiftUITests */,
			);
		};
/* End PBXProject section */

/* Begin PBXResourcesBuildPhase section */
		A89DE0EB292525B2005FAEB7 /* Resources */ = {
			isa = PBXResourcesBuildPhase;
			buildActionMask = 2147483647;
			files = (
				A89DE0F5292525B4005FAEB7 /* Assets.xcassets in Resources */,
				A89DE0F8292525B4005FAEB7 /* Main.storyboard in Resources */,
			);
			runOnlyForDeploymentPostprocessing = 0;
		};
		A89DE0FC292525B4005FAEB7 /* Resources */ = {
			isa = PBXResourcesBuildPhase;
			buildActionMask = 2147483647;
			files = (
			);
			runOnlyForDeploymentPostprocessing = 0;
		};
		A89DE106292525B4005FAEB7 /* Resources */ = {
			isa = PBXResourcesBuildPhase;
			buildActionMask = 2147483647;
			files = (
			);
			runOnlyForDeploymentPostprocessing = 0;
		};
/* End PBXResourcesBuildPhase section */

/* Begin PBXSourcesBuildPhase section */
		A89DE0E9292525B2005FAEB7 /* Sources */ = {
			isa = PBXSourcesBuildPhase;
			buildActionMask = 2147483647;
			files = (
				A89DE0F3292525B2005FAEB7 /* ViewController.swift in Sources */,
				A89DE0F1292525B2005FAEB7 /* AppDelegate.swift in Sources */,
			);
			runOnlyForDeploymentPostprocessing = 0;
		};
		A89DE0FA292525B4005FAEB7 /* Sources */ = {
			isa = PBXSourcesBuildPhase;
			buildActionMask = 2147483647;
			files = (
				A89DE103292525B4005FAEB7 /* macos_app_swiftTests.swift in Sources */,
			);
			runOnlyForDeploymentPostprocessing = 0;
		};
		A89DE104292525B4005FAEB7 /* Sources */ = {
			isa = PBXSourcesBuildPhase;
			buildActionMask = 2147483647;
			files = (
				A89DE10F292525B4005FAEB7 /* macos_app_swiftUITestsLaunchTests.swift in Sources */,
				A89DE10D292525B4005FAEB7 /* macos_app_swiftUITests.swift in Sources */,
			);
			runOnlyForDeploymentPostprocessing = 0;
		};
/* End PBXSourcesBuildPhase section */

/* Begin PBXTargetDependency section */
		A89DE100292525B4005FAEB7 /* PBXTargetDependency */ = {
			isa = PBXTargetDependency;
			target = A89DE0EC292525B2005FAEB7 /* macos-app-swift */;
			targetProxy = A89DE0FF292525B4005FAEB7 /* PBXContainerItemProxy */;
		};
		A89DE10A292525B4005FAEB7 /* PBXTargetDependency */ = {
			isa = PBXTargetDependency;
			target = A89DE0EC292525B2005FAEB7 /* macos-app-swift */;
			targetProxy = A89DE109292525B4005FAEB7 /* PBXContainerItemProxy */;
		};
/* End PBXTargetDependency section */

/* Begin PBXVariantGroup section */
		A89DE0F6292525B4005FAEB7 /* Main.storyboard */ = {
			isa = PBXVariantGroup;
			children = (
				A89DE0F7292525B4005FAEB7 /* Base */,
			);
			name = Main.storyboard;
			sourceTree = "<group>";
		};
/* End PBXVariantGroup section */

/* Begin XCBuildConfiguration section */
		A89DE110292525B4005FAEB7 /* Debug */ = {
			isa = XCBuildConfiguration;
			buildSettings = {
				ALWAYS_SEARCH_USER_PATHS = NO;
				CLANG_ANALYZER_NONNULL = YES;
				CLANG_ANALYZER_NUMBER_OBJECT_CONVERSION = YES_AGGRESSIVE;
				CLANG_CXX_LANGUAGE_STANDARD = "gnu++20";
				CLANG_ENABLE_MODULES = YES;
				CLANG_ENABLE_OBJC_ARC = YES;
				CLANG_ENABLE_OBJC_WEAK = YES;
				CLANG_WARN_BLOCK_CAPTURE_AUTORELEASING = YES;
				CLANG_WARN_BOOL_CONVERSION = YES;
				CLANG_WARN_COMMA = YES;
				CLANG_WARN_CONSTANT_CONVERSION = YES;
				CLANG_WARN_DEPRECATED_OBJC_IMPLEMENTATIONS = YES;
				CLANG_WARN_DIRECT_OBJC_ISA_USAGE = YES_ERROR;
				CLANG_WARN_DOCUMENTATION_COMMENTS = YES;
				CLANG_WARN_EMPTY_BODY = YES;
				CLANG_WARN_ENUM_CONVERSION = YES;
				CLANG_WARN_INFINITE_RECURSION = YES;
				CLANG_WARN_INT_CONVERSION = YES;
				CLANG_WARN_NON_LITERAL_NULL_CONVERSION = YES;
				CLANG_WARN_OBJC_IMPLICIT_RETAIN_SELF = YES;
				CLANG_WARN_OBJC_LITERAL_CONVERSION = YES;
				CLANG_WARN_OBJC_ROOT_CLASS = YES_ERROR;
				CLANG_WARN_QUOTED_INCLUDE_IN_FRAMEWORK_HEADER = YES;
				CLANG_WARN_RANGE_LOOP_ANALYSIS = YES;
				CLANG_WARN_STRICT_PROTOTYPES = YES;
				CLANG_WARN_SUSPICIOUS_MOVE = YES;
				CLANG_WARN_UNGUARDED_AVAILABILITY = YES_AGGRESSIVE;
				CLANG_WARN_UNREACHABLE_CODE = YES;
				CLANG_WARN__DUPLICATE_METHOD_MATCH = YES;
				COPY_PHASE_STRIP = NO;
				DEBUG_INFORMATION_FORMAT = dwarf;
				ENABLE_STRICT_OBJC_MSGSEND = YES;
				ENABLE_TESTABILITY = YES;
				GCC_C_LANGUAGE_STANDARD = gnu11;
				GCC_DYNAMIC_NO_PIC = NO;
				GCC_NO_COMMON_BLOCKS = YES;
				GCC_OPTIMIZATION_LEVEL = 0;
				GCC_PREPROCESSOR_DEFINITIONS = (
					"DEBUG=1",
					"$(inherited)",
				);
				GCC_WARN_64_TO_32_BIT_CONVERSION = YES;
				GCC_WARN_ABOUT_RETURN_TYPE = YES_ERROR;
				GCC_WARN_UNDECLARED_SELECTOR = YES;
				GCC_WARN_UNINITIALIZED_AUTOS = YES_AGGRESSIVE;
				GCC_WARN_UNUSED_FUNCTION = YES;
				GCC_WARN_UNUSED_VARIABLE = YES;
				MACOSX_DEPLOYMENT_TARGET = 13.0;
				MTL_ENABLE_DEBUG_INFO = INCLUDE_SOURCE;
				MTL_FAST_MATH = YES;
				ONLY_ACTIVE_ARCH = YES;
				SDKROOT = macosx;
				SWIFT_ACTIVE_COMPILATION_CONDITIONS = DEBUG;
				SWIFT_OPTIMIZATION_LEVEL = "-Onone";
			};
			name = Debug;
		};
		A89DE111292525B4005FAEB7 /* Release */ = {
			isa = XCBuildConfiguration;
			buildSettings = {
				ALWAYS_SEARCH_USER_PATHS = NO;
				CLANG_ANALYZER_NONNULL = YES;
				CLANG_ANALYZER_NUMBER_OBJECT_CONVERSION = YES_AGGRESSIVE;
				CLANG_CXX_LANGUAGE_STANDARD = "gnu++20";
				CLANG_ENABLE_MODULES = YES;
				CLANG_ENABLE_OBJC_ARC = YES;
				CLANG_ENABLE_OBJC_WEAK = YES;
				CLANG_WARN_BLOCK_CAPTURE_AUTORELEASING = YES;
				CLANG_WARN_BOOL_CONVERSION = YES;
				CLANG_WARN_COMMA = YES;
				CLANG_WARN_CONSTANT_CONVERSION = YES;
				CLANG_WARN_DEPRECATED_OBJC_IMPLEMENTATIONS = YES;
				CLANG_WARN_DIRECT_OBJC_ISA_USAGE = YES_ERROR;
				CLANG_WARN_DOCUMENTATION_COMMENTS = YES;
				CLANG_WARN_EMPTY_BODY = YES;
				CLANG_WARN_ENUM_CONVERSION = YES;
				CLANG_WARN_INFINITE_RECURSION = YES;
				CLANG_WARN_INT_CONVERSION = YES;
				CLANG_WARN_NON_LITERAL_NULL_CONVERSION = YES;
				CLANG_WARN_OBJC_IMPLICIT_RETAIN_SELF = YES;
				CLANG_WARN_OBJC_LITERAL_CONVERSION = YES;
				CLANG_WARN_OBJC_ROOT_CLASS = YES_ERROR;
				CLANG_WARN_QUOTED_INCLUDE_IN_FRAMEWORK_HEADER = YES;
				CLANG_WARN_RANGE_LOOP_ANALYSIS = YES;
				CLANG_WARN_STRICT_PROTOTYPES = YES;
				CLANG_WARN_SUSPICIOUS_MOVE = YES;
				CLANG_WARN_UNGUARDED_AVAILABILITY = YES_AGGRESSIVE;
				CLANG_WARN_UNREACHABLE_CODE = YES;
				CLANG_WARN__DUPLICATE_METHOD_MATCH = YES;
				COPY_PHASE_STRIP = NO;
				DEBUG_INFORMATION_FORMAT = "dwarf-with-dsym";
				ENABLE_NS_ASSERTIONS = NO;
				ENABLE_STRICT_OBJC_MSGSEND = YES;
				GCC_C_LANGUAGE_STANDARD = gnu11;
				GCC_NO_COMMON_BLOCKS = YES;
				GCC_WARN_64_TO_32_BIT_CONVERSION = YES;
				GCC_WARN_ABOUT_RETURN_TYPE = YES_ERROR;
				GCC_WARN_UNDECLARED_SELECTOR = YES;
				GCC_WARN_UNINITIALIZED_AUTOS = YES_AGGRESSIVE;
				GCC_WARN_UNUSED_FUNCTION = YES;
				GCC_WARN_UNUSED_VARIABLE = YES;
				MACOSX_DEPLOYMENT_TARGET = 13.0;
				MTL_ENABLE_DEBUG_INFO = NO;
				MTL_FAST_MATH = YES;
				SDKROOT = macosx;
				SWIFT_COMPILATION_MODE = wholemodule;
				SWIFT_OPTIMIZATION_LEVEL = "-O";
			};
			name = Release;
		};
		A89DE113292525B4005FAEB7 /* Debug */ = {
			isa = XCBuildConfiguration;
			buildSettings = {
				ASSETCATALOG_COMPILER_APPICON_NAME = AppIcon;
				ASSETCATALOG_COMPILER_GLOBAL_ACCENT_COLOR_NAME = AccentColor;
				CODE_SIGN_ENTITLEMENTS = "macos-app-swift/macos_app_swift.entitlements";
				CODE_SIGN_STYLE = Automatic;
				COMBINE_HIDPI_IMAGES = YES;
				CURRENT_PROJECT_VERSION = 1;
				DEVELOPMENT_TEAM = 9VQF8DLVR9;
				ENABLE_HARDENED_RUNTIME = YES;
				GENERATE_INFOPLIST_FILE = YES;
				INFOPLIST_KEY_NSHumanReadableCopyright = "";
				INFOPLIST_KEY_NSMainStoryboardFile = Main;
				INFOPLIST_KEY_NSPrincipalClass = NSApplication;
				LD_RUNPATH_SEARCH_PATHS = (
					"$(inherited)",
					"@executable_path/../Frameworks",
				);
				MARKETING_VERSION = 1.0;
				PRODUCT_BUNDLE_IDENTIFIER = "re.macos-app-swift";
				PRODUCT_NAME = "$(TARGET_NAME)";
				SWIFT_EMIT_LOC_STRINGS = YES;
				SWIFT_VERSION = 5.0;
			};
			name = Debug;
		};
		A89DE114292525B4005FAEB7 /* Release */ = {
			isa = XCBuildConfiguration;
			buildSettings = {
				ASSETCATALOG_COMPILER_APPICON_NAME = AppIcon;
				ASSETCATALOG_COMPILER_GLOBAL_ACCENT_COLOR_NAME = AccentColor;
				CODE_SIGN_ENTITLEMENTS = "macos-app-swift/macos_app_swift.entitlements";
				CODE_SIGN_STYLE = Automatic;
				COMBINE_HIDPI_IMAGES = YES;
				CURRENT_PROJECT_VERSION = 1;
				DEVELOPMENT_TEAM = 9VQF8DLVR9;
				ENABLE_HARDENED_RUNTIME = YES;
				GENERATE_INFOPLIST_FILE = YES;
				INFOPLIST_KEY_NSHumanReadableCopyright = "";
				INFOPLIST_KEY_NSMainStoryboardFile = Main;
				INFOPLIST_KEY_NSPrincipalClass = NSApplication;
				LD_RUNPATH_SEARCH_PATHS = (
					"$(inherited)",
					"@executable_path/../Frameworks",
				);
				MARKETING_VERSION = 1.0;
				PRODUCT_BUNDLE_IDENTIFIER = "re.macos-app-swift";
				PRODUCT_NAME = "$(TARGET_NAME)";
				SWIFT_EMIT_LOC_STRINGS = YES;
				SWIFT_VERSION = 5.0;
			};
			name = Release;
		};
		A89DE116292525B4005FAEB7 /* Debug */ = {
			isa = XCBuildConfiguration;
			buildSettings = {
				ALWAYS_EMBED_SWIFT_STANDARD_LIBRARIES = YES;
				BUNDLE_LOADER = "$(TEST_HOST)";
				CODE_SIGN_STYLE = Automatic;
				CURRENT_PROJECT_VERSION = 1;
				DEVELOPMENT_TEAM = 9VQF8DLVR9;
				GENERATE_INFOPLIST_FILE = YES;
				MACOSX_DEPLOYMENT_TARGET = 13.0;
				MARKETING_VERSION = 1.0;
				PRODUCT_BUNDLE_IDENTIFIER = "re.macos-app-swiftTests";
				PRODUCT_NAME = "$(TARGET_NAME)";
				SWIFT_EMIT_LOC_STRINGS = NO;
				SWIFT_VERSION = 5.0;
				TEST_HOST = "$(BUILT_PRODUCTS_DIR)/macos-app-swift.app/$(BUNDLE_EXECUTABLE_FOLDER_PATH)/macos-app-swift";
			};
			name = Debug;
		};
		A89DE117292525B4005FAEB7 /* Release */ = {
			isa = XCBuildConfiguration;
			buildSettings = {
				ALWAYS_EMBED_SWIFT_STANDARD_LIBRARIES = YES;
				BUNDLE_LOADER = "$(TEST_HOST)";
				CODE_SIGN_STYLE = Automatic;
				CURRENT_PROJECT_VERSION = 1;
				DEVELOPMENT_TEAM = 9VQF8DLVR9;
				GENERATE_INFOPLIST_FILE = YES;
				MACOSX_DEPLOYMENT_TARGET = 13.0;
				MARKETING_VERSION = 1.0;
				PRODUCT_BUNDLE_IDENTIFIER = "re.macos-app-swiftTests";
				PRODUCT_NAME = "$(TARGET_NAME)";
				SWIFT_EMIT_LOC_STRINGS = NO;
				SWIFT_VERSION = 5.0;
				TEST_HOST = "$(BUILT_PRODUCTS_DIR)/macos-app-swift.app/$(BUNDLE_EXECUTABLE_FOLDER_PATH)/macos-app-swift";
			};
			name = Release;
		};
		A89DE119292525B4005FAEB7 /* Debug */ = {
			isa = XCBuildConfiguration;
			buildSettings = {
				ALWAYS_EMBED_SWIFT_STANDARD_LIBRARIES = YES;
				CODE_SIGN_STYLE = Automatic;
				CURRENT_PROJECT_VERSION = 1;
				DEVELOPMENT_TEAM = 9VQF8DLVR9;
				GENERATE_INFOPLIST_FILE = YES;
				MARKETING_VERSION = 1.0;
				PRODUCT_BUNDLE_IDENTIFIER = "re.macos-app-swiftUITests";
				PRODUCT_NAME = "$(TARGET_NAME)";
				SWIFT_EMIT_LOC_STRINGS = NO;
				SWIFT_VERSION = 5.0;
				TEST_TARGET_NAME = "macos-app-swift";
			};
			name = Debug;
		};
		A89DE11A292525B4005FAEB7 /* Release */ = {
			isa = XCBuildConfiguration;
			buildSettings = {
				ALWAYS_EMBED_SWIFT_STANDARD_LIBRARIES = YES;
				CODE_SIGN_STYLE = Automatic;
				CURRENT_PROJECT_VERSION = 1;
				DEVELOPMENT_TEAM = 9VQF8DLVR9;
				GENERATE_INFOPLIST_FILE = YES;
				MARKETING_VERSION = 1.0;
				PRODUCT_BUNDLE_IDENTIFIER = "re.macos-app-swiftUITests";
				PRODUCT_NAME = "$(TARGET_NAME)";
				SWIFT_EMIT_LOC_STRINGS = NO;
				SWIFT_VERSION = 5.0;
				TEST_TARGET_NAME = "macos-app-swift";
			};
			name = Release;
		};
/* End XCBuildConfiguration section */

/* Begin XCConfigurationList section */
		A89DE0E8292525B2005FAEB7 /* Build configuration list for PBXProject "macos-app-swift" */ = {
			isa = XCConfigurationList;
			buildConfigurations = (
				A89DE110292525B4005FAEB7 /* Debug */,
				A89DE111292525B4005FAEB7 /* Release */,
			);
			defaultConfigurationIsVisible = 0;
			defaultConfigurationName = Release;
		};
		A89DE112292525B4005FAEB7 /* Build configuration list for PBXNativeTarget "macos-app-swift" */ = {
			isa = XCConfigurationList;
			buildConfigurations = (
				A89DE113292525B4005FAEB7 /* Debug */,
				A89DE114292525B4005FAEB7 /* Release */,
			);
			defaultConfigurationIsVisible = 0;
			defaultConfigurationName = Release;
		};
		A89DE115292525B4005FAEB7 /* Build configuration list for PBXNativeTarget "macos-app-swiftTests" */ = {
			isa = XCConfigurationList;
			buildConfigurations = (
				A89DE116292525B4005FAEB7 /* Debug */,
				A89DE117292525B4005FAEB7 /* Release */,
			);
			defaultConfigurationIsVisible = 0;
			defaultConfigurationName = Release;
		};
		A89DE118292525B4005FAEB7 /* Build configuration list for PBXNativeTarget "macos-app-swiftUITests" */ = {
			isa = XCConfigurationList;
			buildConfigurations = (
				A89DE119292525B4005FAEB7 /* Debug */,
				A89DE11A292525B4005FAEB7 /* Release */,
			);
			defaultConfigurationIsVisible = 0;
			defaultConfigurationName = Release;
		};
/* End XCConfigurationList section */
	};
	rootObject = A89DE0E5292525B2005FAEB7 /* Project object */;
}
